
Microsoft Visual Studio Solution File, Format Version 12.00
# Visual Studio Version 17
VisualStudioVersion = 17.6.33815.320
MinimumVisualStudioVersion = 10.0.40219.1
Project("{FAE04EC0-301F-11D3-BF4B-00C04F79EFBC}") = "BookStore", "BookStore\BookStore.csproj", "{5E1AB6D5-FAC2-437D-AA7E-73FBE70F1FAD}"
EndProject
Global
	GlobalSection(SolutionConfigurationPlatforms) = preSolution
		Debug|Any CPU = Debug|Any CPU
		Release|Any CPU = Release|Any CPU
	EndGlobalSection
	GlobalSection(ProjectConfigurationPlatforms) = postSolution
		{5E1AB6D5-FAC2-437D-AA7E-73FBE70F1FAD}.Debug|Any CPU.ActiveCfg = Debug|Any CPU
		{5E1AB6D5-FAC2-437D-AA7E-73FBE70F1FAD}.Debug|Any CPU.Build.0 = Debug|Any CPU
		{5E1AB6D5-FAC2-437D-AA7E-73FBE70F1FAD}.Release|Any CPU.ActiveCfg = Release|Any CPU
		{5E1AB6D5-FAC2-437D-AA7E-73FBE70F1FAD}.Release|Any CPU.Build.0 = Release|Any CPU
	EndGlobalSection
	GlobalSection(SolutionProperties) = preSolution
		HideSolutionNode = FALSE
	EndGlobalSection
	GlobalSection(ExtensibilityGlobals) = postSolution
		SolutionGuid = {03734D40-846A-487B-942E-23405EB738B6}
	EndGlobalSection
EndGlobal
